// !$*UTF8*$!
{
	archiveVersion = 1;
	classes = {
	};
	objectVersion = 77;
	objects = {

/* Begin PBXBuildFile section */
		006346F227C965ED6E4EBD63 /* WelcomeView.swift in Sources */ = {isa = PBXBuildFile; fileRef = D76EB046049F66DAD321B709 /* WelcomeView.swift */; };
		186BF7000E023BC861131FDC /* LeftSidebar.swift in Sources */ = {isa = PBXBuildFile; fileRef = 4AD5D31454983D31558C5CE5 /* LeftSidebar.swift */; };
		2C4DB69F3572CBE8273479E7 /* NousApp.swift in Sources */ = {isa = PBXBuildFile; fileRef = FCB9C93B0FD19F3F80A963A6 /* NousApp.swift */; };
		44B785DF4F9A1752B6FB9468 /* AppColor.swift in Sources */ = {isa = PBXBuildFile; fileRef = D4F8088582E174539D236F88 /* AppColor.swift */; };
		4ABEE05964FC577A1F2AE5EC /* FredokaOne-Regular.ttf in Resources */ = {isa = PBXBuildFile; fileRef = DBD5F346B63EBE504887EAB0 /* FredokaOne-Regular.ttf */; };
		7E49EF00F932888C0F1C36E3 /* ContentView.swift in Sources */ = {isa = PBXBuildFile; fileRef = B65341E0D60A512DA5DD8F1F /* ContentView.swift */; };
		836928D834ABC6A0EDF457F7 /* ChatArea.swift in Sources */ = {isa = PBXBuildFile; fileRef = 39F7B6B1CD6C593EFC2C2674 /* ChatArea.swift */; };
		C3B66790ADAC5624E9ACC319 /* Nunito-Variable.ttf in Resources */ = {isa = PBXBuildFile; fileRef = 4EDBF5703D7FA7CDEA64FCC8 /* Nunito-Variable.ttf */; };
/* End PBXBuildFile section */

/* Begin PBXFileReference section */
		39F7B6B1CD6C593EFC2C2674 /* ChatArea.swift */ = {isa = PBXFileReference; lastKnownFileType = sourcecode.swift; path = ChatArea.swift; sourceTree = "<group>"; };
		4AD5D31454983D31558C5CE5 /* LeftSidebar.swift */ = {isa = PBXFileReference; lastKnownFileType = sourcecode.swift; path = LeftSidebar.swift; sourceTree = "<group>"; };
		4EDBF5703D7FA7CDEA64FCC8 /* Nunito-Variable.ttf */ = {isa = PBXFileReference; lastKnownFileType = file; path = "Nunito-Variable.ttf"; sourceTree = "<group>"; };
		B65341E0D60A512DA5DD8F1F /* ContentView.swift */ = {isa = PBXFileReference; lastKnownFileType = sourcecode.swift; path = ContentView.swift; sourceTree = "<group>"; };
		C3A72C022B88861F85CCA960 /* Nous.app */ = {isa = PBXFileReference; explicitFileType = wrapper.application; includeInIndex = 0; path = Nous.app; sourceTree = BUILT_PRODUCTS_DIR; };
		D4F8088582E174539D236F88 /* AppColor.swift */ = {isa = PBXFileReference; lastKnownFileType = sourcecode.swift; path = AppColor.swift; sourceTree = "<group>"; };
		D76EB046049F66DAD321B709 /* WelcomeView.swift */ = {isa = PBXFileReference; lastKnownFileType = sourcecode.swift; path = WelcomeView.swift; sourceTree = "<group>"; };
		DBD5F346B63EBE504887EAB0 /* FredokaOne-Regular.ttf */ = {isa = PBXFileReference; lastKnownFileType = file; path = "FredokaOne-Regular.ttf"; sourceTree = "<group>"; };
		FCB9C93B0FD19F3F80A963A6 /* NousApp.swift */ = {isa = PBXFileReference; lastKnownFileType = sourcecode.swift; path = NousApp.swift; sourceTree = "<group>"; };
/* End PBXFileReference section */

/* Begin PBXGroup section */
		513FED1091B901EBEADB7BED /* Nous */ = {
			isa = PBXGroup;
			children = (
				D4F8088582E174539D236F88 /* AppColor.swift */,
				39F7B6B1CD6C593EFC2C2674 /* ChatArea.swift */,
				B65341E0D60A512DA5DD8F1F /* ContentView.swift */,
				4AD5D31454983D31558C5CE5 /* LeftSidebar.swift */,
				FCB9C93B0FD19F3F80A963A6 /* NousApp.swift */,
				D76EB046049F66DAD321B709 /* WelcomeView.swift */,
				58A50705FAFD0AAA7AD23BA4 /* Fonts */,
			);
			name = Nous;
			path = Sources/Nous;
			sourceTree = "<group>";
		};
		58A50705FAFD0AAA7AD23BA4 /* Fonts */ = {
			isa = PBXGroup;
			children = (
				DBD5F346B63EBE504887EAB0 /* FredokaOne-Regular.ttf */,
				4EDBF5703D7FA7CDEA64FCC8 /* Nunito-Variable.ttf */,
			);
			path = Fonts;
			sourceTree = "<group>";
		};
		6CD0FB7739AB9E8C9890A79D /* Products */ = {
			isa = PBXGroup;
			children = (
				C3A72C022B88861F85CCA960 /* Nous.app */,
			);
			name = Products;
			sourceTree = "<group>";
		};
		8C61EAF9D2ECF270BF2C123A = {
			isa = PBXGroup;
			children = (
				513FED1091B901EBEADB7BED /* Nous */,
				6CD0FB7739AB9E8C9890A79D /* Products */,
			);
			sourceTree = "<group>";
		};
/* End PBXGroup section */

/* Begin PBXNativeTarget section */
		DDA33BA98D654B5A21067CDC /* Nous */ = {
			isa = PBXNativeTarget;
			buildConfigurationList = 33C5B5B5268991AD612DAF0C /* Build configuration list for PBXNativeTarget "Nous" */;
			buildPhases = (
				CE947038E48340F152910033 /* Sources */,
				9A6D59E70DB57DD16C702A3D /* Resources */,
			);
			buildRules = (
			);
			dependencies = (
			);
			name = Nous;
			packageProductDependencies = (
			);
			productName = Nous;
			productReference = C3A72C022B88861F85CCA960 /* Nous.app */;
			productType = "com.apple.product-type.application";
		};
/* End PBXNativeTarget section */

/* Begin PBXProject section */
		AFD902375AF288637990AB3D /* Project object */ = {
			isa = PBXProject;
			attributes = {
				BuildIndependentTargetsInParallel = YES;
				LastUpgradeCheck = 1430;
				TargetAttributes = {
					DDA33BA98D654B5A21067CDC = {
						DevelopmentTeam = "";
						ProvisioningStyle = Automatic;
					};
				};
			};
			buildConfigurationList = 7C3C6EBC5B6B7CE83FBA31CE /* Build configuration list for PBXProject "Nous" */;
			developmentRegion = en;
			hasScannedForEncodings = 0;
			knownRegions = (
				Base,
				en,
			);
			mainGroup = 8C61EAF9D2ECF270BF2C123A;
			minimizedProjectReferenceProxies = 1;
			preferredProjectObjectVersion = 77;
			productRefGroup = 6CD0FB7739AB9E8C9890A79D /* Products */;
			projectDirPath = "";
			projectRoot = "";
			targets = (
				DDA33BA98D654B5A21067CDC /* Nous */,
			);
		};
/* End PBXProject section */

/* Begin PBXResourcesBuildPhase section */
		9A6D59E70DB57DD16C702A3D /* Resources */ = {
			isa = PBXResourcesBuildPhase;
			buildActionMask = 2147483647;
			files = (
				4ABEE05964FC577A1F2AE5EC /* FredokaOne-Regular.ttf in Resources */,
				C3B66790ADAC5624E9ACC319 /* Nunito-Variable.ttf in Resources */,
			);
			runOnlyForDeploymentPostprocessing = 0;
		};
/* End PBXResourcesBuildPhase section */

/* Begin PBXSourcesBuildPhase section */
		CE947038E48340F152910033 /* Sources */ = {
			isa = PBXSourcesBuildPhase;
			buildActionMask = 2147483647;
			files = (
				44B785DF4F9A1752B6FB9468 /* AppColor.swift in Sources */,
				836928D834ABC6A0EDF457F7 /* ChatArea.swift in Sources */,
				7E49EF00F932888C0F1C36E3 /* ContentView.swift in Sources */,
				186BF7000E023BC861131FDC /* LeftSidebar.swift in Sources */,
				2C4DB69F3572CBE8273479E7 /* NousApp.swift in Sources */,
				006346F227C965ED6E4EBD63 /* WelcomeView.swift in Sources */,
			);
			runOnlyForDeploymentPostprocessing = 0;
		};
/* End PBXSourcesBuildPhase section */

/* Begin XCBuildConfiguration section */
		13ACD6C4071319A3C3E62D9F /* Release */ = {
			isa = XCBuildConfiguration;
			buildSettings = {
				ALWAYS_SEARCH_USER_PATHS = NO;
				CLANG_ANALYZER_NONNULL = YES;
				CLANG_ANALYZER_NUMBER_OBJECT_CONVERSION = YES_AGGRESSIVE;
				CLANG_CXX_LANGUAGE_STANDARD = "gnu++14";
				CLANG_CXX_LIBRARY = "libc++";
				CLANG_ENABLE_MODULES = YES;
				CLANG_ENABLE_OBJC_ARC = YES;
				CLANG_ENABLE_OBJC_WEAK = YES;
				CLANG_WARN_BLOCK_CAPTURE_AUTORELEASING = YES;
				CLANG_WARN_BOOL_CONVERSION = YES;
				CLANG_WARN_COMMA = YES;
				CLANG_WARN_CONSTANT_CONVERSION = YES;
				CLANG_WARN_DEPRECATED_OBJC_IMPLEMENTATIONS = YES;
				CLANG_WARN_DIRECT_OBJC_ISA_USAGE = YES_ERROR;
				CLANG_WARN_DOCUMENTATION_COMMENTS = YES;
				CLANG_WARN_EMPTY_BODY = YES;
				CLANG_WARN_ENUM_CONVERSION = YES;
				CLANG_WARN_INFINITE_RECURSION = YES;
				CLANG_WARN_INT_CONVERSION = YES;
				CLANG_WARN_NON_LITERAL_NULL_CONVERSION = YES;
				CLANG_WARN_OBJC_IMPLICIT_RETAIN_SELF = YES;
				CLANG_WARN_OBJC_LITERAL_CONVERSION = YES;
				CLANG_WARN_OBJC_ROOT_CLASS = YES_ERROR;
				CLANG_WARN_QUOTED_INCLUDE_IN_FRAMEWORK_HEADER = YES;
				CLANG_WARN_RANGE_LOOP_ANALYSIS = YES;
				CLANG_WARN_STRICT_PROTOTYPES = YES;
				CLANG_WARN_SUSPICIOUS_MOVE = YES;
				CLANG_WARN_UNGUARDED_AVAILABILITY = YES_AGGRESSIVE;
				CLANG_WARN_UNREACHABLE_CODE = YES;
				CLANG_WARN__DUPLICATE_METHOD_MATCH = YES;
				COPY_PHASE_STRIP = NO;
				DEBUG_INFORMATION_FORMAT = "dwarf-with-dsym";
				ENABLE_NS_ASSERTIONS = NO;
				ENABLE_STRICT_OBJC_MSGSEND = YES;
				GCC_C_LANGUAGE_STANDARD = gnu11;
				GCC_NO_COMMON_BLOCKS = YES;
				GCC_WARN_64_TO_32_BIT_CONVERSION = YES;
				GCC_WARN_ABOUT_RETURN_TYPE = YES_ERROR;
				GCC_WARN_UNDECLARED_SELECTOR = YES;
				GCC_WARN_UNINITIALIZED_AUTOS = YES_AGGRESSIVE;
				GCC_WARN_UNUSED_FUNCTION = YES;
				GCC_WARN_UNUSED_VARIABLE = YES;
				MTL_ENABLE_DEBUG_INFO = NO;
				MTL_FAST_MATH = YES;
				PRODUCT_NAME = "$(TARGET_NAME)";
				SDKROOT = macosx;
				SWIFT_COMPILATION_MODE = wholemodule;
				SWIFT_OPTIMIZATION_LEVEL = "-O";
				SWIFT_VERSION = 5.0;
			};
			name = Release;
		};
		26EE297DDFA85C95F71AD15F /* Release */ = {
			isa = XCBuildConfiguration;
			buildSettings = {
				ASSETCATALOG_COMPILER_APPICON_NAME = AppIcon;
				CODE_SIGN_STYLE = Automatic;
				COMBINE_HIDPI_IMAGES = YES;
				DEVELOPMENT_TEAM = "";
				INFOPLIST_FILE = Info.plist;
				LD_RUNPATH_SEARCH_PATHS = (
					"$(inherited)",
					"@executable_path/../Frameworks",
				);
				MACOSX_DEPLOYMENT_TARGET = 26.0;
				PRODUCT_BUNDLE_IDENTIFIER = com.nous.app.Nous;
				SDKROOT = macosx;
			};
			name = Release;
		};
		B01509381B86C26204F80E2F /* Debug */ = {
			isa = XCBuildConfiguration;
			buildSettings = {
				ASSETCATALOG_COMPILER_APPICON_NAME = AppIcon;
				CODE_SIGN_STYLE = Automatic;
				COMBINE_HIDPI_IMAGES = YES;
				DEVELOPMENT_TEAM = "";
				INFOPLIST_FILE = Info.plist;
				LD_RUNPATH_SEARCH_PATHS = (
					"$(inherited)",
					"@executable_path/../Frameworks",
				);
				MACOSX_DEPLOYMENT_TARGET = 26.0;
				PRODUCT_BUNDLE_IDENTIFIER = com.nous.app.Nous;
				SDKROOT = macosx;
			};
			name = Debug;
		};
		CE6A32EADF1B851CEF98BAE5 /* Debug */ = {
			isa = XCBuildConfiguration;
			buildSettings = {
				ALWAYS_SEARCH_USER_PATHS = NO;
				CLANG_ANALYZER_NONNULL = YES;
				CLANG_ANALYZER_NUMBER_OBJECT_CONVERSION = YES_AGGRESSIVE;
				CLANG_CXX_LANGUAGE_STANDARD = "gnu++14";
				CLANG_CXX_LIBRARY = "libc++";
				CLANG_ENABLE_MODULES = YES;
				CLANG_ENABLE_OBJC_ARC = YES;
				CLANG_ENABLE_OBJC_WEAK = YES;
				CLANG_WARN_BLOCK_CAPTURE_AUTORELEASING = YES;
				CLANG_WARN_BOOL_CONVERSION = YES;
				CLANG_WARN_COMMA = YES;
				CLANG_WARN_CONSTANT_CONVERSION = YES;
				CLANG_WARN_DEPRECATED_OBJC_IMPLEMENTATIONS = YES;
				CLANG_WARN_DIRECT_OBJC_ISA_USAGE = YES_ERROR;
				CLANG_WARN_DOCUMENTATION_COMMENTS = YES;
				CLANG_WARN_EMPTY_BODY = YES;
				CLANG_WARN_ENUM_CONVERSION = YES;
				CLANG_WARN_INFINITE_RECURSION = YES;
				CLANG_WARN_INT_CONVERSION = YES;
				CLANG_WARN_NON_LITERAL_NULL_CONVERSION = YES;
				CLANG_WARN_OBJC_IMPLICIT_RETAIN_SELF = YES;
				CLANG_WARN_OBJC_LITERAL_CONVERSION = YES;
				CLANG_WARN_OBJC_ROOT_CLASS = YES_ERROR;
				CLANG_WARN_QUOTED_INCLUDE_IN_FRAMEWORK_HEADER = YES;
				CLANG_WARN_RANGE_LOOP_ANALYSIS = YES;
				CLANG_WARN_STRICT_PROTOTYPES = YES;
				CLANG_WARN_SUSPICIOUS_MOVE = YES;
				CLANG_WARN_UNGUARDED_AVAILABILITY = YES_AGGRESSIVE;
				CLANG_WARN_UNREACHABLE_CODE = YES;
				CLANG_WARN__DUPLICATE_METHOD_MATCH = YES;
				COPY_PHASE_STRIP = NO;
				DEBUG_INFORMATION_FORMAT = dwarf;
				ENABLE_STRICT_OBJC_MSGSEND = YES;
				ENABLE_TESTABILITY = YES;
				GCC_C_LANGUAGE_STANDARD = gnu11;
				GCC_DYNAMIC_NO_PIC = NO;
				GCC_NO_COMMON_BLOCKS = YES;
				GCC_OPTIMIZATION_LEVEL = 0;
				GCC_PREPROCESSOR_DEFINITIONS = (
					"$(inherited)",
					"DEBUG=1",
				);
				GCC_WARN_64_TO_32_BIT_CONVERSION = YES;
				GCC_WARN_ABOUT_RETURN_TYPE = YES_ERROR;
				GCC_WARN_UNDECLARED_SELECTOR = YES;
				GCC_WARN_UNINITIALIZED_AUTOS = YES_AGGRESSIVE;
				GCC_WARN_UNUSED_FUNCTION = YES;
				GCC_WARN_UNUSED_VARIABLE = YES;
				MTL_ENABLE_DEBUG_INFO = INCLUDE_SOURCE;
				MTL_FAST_MATH = YES;
				ONLY_ACTIVE_ARCH = YES;
				PRODUCT_NAME = "$(TARGET_NAME)";
				SDKROOT = macosx;
				SWIFT_ACTIVE_COMPILATION_CONDITIONS = DEBUG;
				SWIFT_OPTIMIZATION_LEVEL = "-Onone";
				SWIFT_VERSION = 5.0;
			};
			name = Debug;
		};
/* End XCBuildConfiguration section */

/* Begin XCConfigurationList section */
		33C5B5B5268991AD612DAF0C /* Build configuration list for PBXNativeTarget "Nous" */ = {
			isa = XCConfigurationList;
			buildConfigurations = (
				B01509381B86C26204F80E2F /* Debug */,
				26EE297DDFA85C95F71AD15F /* Release */,
			);
			defaultConfigurationIsVisible = 0;
			defaultConfigurationName = Debug;
		};
		7C3C6EBC5B6B7CE83FBA31CE /* Build configuration list for PBXProject "Nous" */ = {
			isa = XCConfigurationList;
			buildConfigurations = (
				CE6A32EADF1B851CEF98BAE5 /* Debug */,
				13ACD6C4071319A3C3E62D9F /* Release */,
			);
			defaultConfigurationIsVisible = 0;
			defaultConfigurationName = Debug;
		};
/* End XCConfigurationList section */
	};
	rootObject = AFD902375AF288637990AB3D /* Project object */;
}
