// !$*UTF8*$!
{
	archiveVersion = 1;
	classes = {
	};
	objectVersion = 77;
	objects = {

/* Begin PBXBuildFile section */
		02967200F617A33CB9522076 /* NodeEdge.swift in Sources */ = {isa = PBXBuildFile; fileRef = 98307413B1A35533835FC1ED /* NodeEdge.swift */; };
		044DF494ABA396D2B8AE4BAD /* ChatComposer.swift in Sources */ = {isa = PBXBuildFile; fileRef = 893D2E69AF637995048275C1 /* ChatComposer.swift */; };
		079AE6E6B7AD8B7C00E9061B /* EmbeddingService.swift in Sources */ = {isa = PBXBuildFile; fileRef = DAB54FD11A8E0406F1C4D09D /* EmbeddingService.swift */; };
		07FFF1026087C07958572C54 /* WelcomeView.swift in Sources */ = {isa = PBXBuildFile; fileRef = B15EC86BFA4A972D811E5ADB /* WelcomeView.swift */; };
		0A543A16EE7B4C96E7893DD2 /* GalaxyScene.swift in Sources */ = {isa = PBXBuildFile; fileRef = 54D7B196613E93EAF2C72EF8 /* GalaxyScene.swift */; };
		0A5C2CC50D2675DD28826232 /* GalaxyViewModel.swift in Sources */ = {isa = PBXBuildFile; fileRef = 12A1B273D3D94B188C07A933 /* GalaxyViewModel.swift */; };
		0FFFFFBE3918E7A51C44CA8C /* RAGCitationView.swift in Sources */ = {isa = PBXBuildFile; fileRef = F0A35FC2025E4781FA8CEBE4 /* RAGCitationView.swift */; };
		1643CB90A6F5400A1BD1441E /* Database.swift in Sources */ = {isa = PBXBuildFile; fileRef = 593E59F6467AEF07EEFC96B6 /* Database.swift */; };
		2314061EED27031103F0CE65 /* Project.swift in Sources */ = {isa = PBXBuildFile; fileRef = AB46BB1DCA54C416A6215077 /* Project.swift */; };
		2FA85CB0FB6256D80D30DE6F /* ContentView.swift in Sources */ = {isa = PBXBuildFile; fileRef = A13A1040D67FB96CF59C6154 /* ContentView.swift */; };
		30EB1D0F191710EF17D5D13C /* ChatArea.swift in Sources */ = {isa = PBXBuildFile; fileRef = 3D5C933D2CDA967B8AAFCD32 /* ChatArea.swift */; };
		36814239C5034618D724A807 /* SetupView.swift in Sources */ = {isa = PBXBuildFile; fileRef = 768CDC34E8F6272348EC152B /* SetupView.swift */; };
		37AF74D6A8F3E2D7631E3BB8 /* MLXLLM in Frameworks */ = {isa = PBXBuildFile; productRef = 289331BB87BCDA02BF10FBFA /* MLXLLM */; };
		3A38D50339D27DC72856B618 /* WindowConfigurator.swift in Sources */ = {isa = PBXBuildFile; fileRef = FFA7FC708EEBC903409D5DD9 /* WindowConfigurator.swift */; };
		3B0C4ADB2DE8F304261A454E /* SettingsView.swift in Sources */ = {isa = PBXBuildFile; fileRef = FEA896134861BEAADF98E800 /* SettingsView.swift */; };
		3E6FF46E8E6E947CF7B7AADF /* NousApp.swift in Sources */ = {isa = PBXBuildFile; fileRef = 84AC99FE1331146CEC54C75D /* NousApp.swift */; };
		3F9476D3C06B0F30A271AC5F /* GraphEngine.swift in Sources */ = {isa = PBXBuildFile; fileRef = 36CB503D39BB65E14D694E13 /* GraphEngine.swift */; };
		4116C4885DF5E1CB2FE62225 /* NodeStoreTests.swift in Sources */ = {isa = PBXBuildFile; fileRef = 840F091AC2ADF85B26F1884A /* NodeStoreTests.swift */; };
		42A0F8F2124378987D3FBD11 /* NoteListView.swift in Sources */ = {isa = PBXBuildFile; fileRef = 99A974153DB5C96A52796407 /* NoteListView.swift */; };
		44F769FBDE20CA4082FA4D00 /* NoteViewModel.swift in Sources */ = {isa = PBXBuildFile; fileRef = 108C7FA818D0FD59A26F5BA9 /* NoteViewModel.swift */; };
		4506DACA6C0E8F6E378D424F /* MLXEmbedders in Frameworks */ = {isa = PBXBuildFile; productRef = EE612DC9E3C6EC7084755439 /* MLXEmbedders */; };
		46929AB76337B2B34ED785C4 /* ProjectListView.swift in Sources */ = {isa = PBXBuildFile; fileRef = 10115CC57E8933F62B3A81F0 /* ProjectListView.swift */; };
		4AB3ECB2AC025226054B66D4 /* SpriteKit.framework in Frameworks */ = {isa = PBXBuildFile; fileRef = E3AC0F0D30E0A4039BD3E7B6 /* SpriteKit.framework */; };
		4ABEE05964FC577A1F2AE5EC /* FredokaOne-Regular.ttf in Resources */ = {isa = PBXBuildFile; fileRef = DBD5F346B63EBE504887EAB0 /* FredokaOne-Regular.ttf */; };
		4D4E88E3F6E50302A15F3D83 /* GraphEngineTests.swift in Sources */ = {isa = PBXBuildFile; fileRef = ABFA60716BE28FDBDC5D4B01 /* GraphEngineTests.swift */; };
		A1B2C3D4E5F60718293A4B5C /* MessageCardPayloadTests.swift in Sources */ = {isa = PBXBuildFile; fileRef = B2C3D4E5F60718293A4B5C6D /* MessageCardPayloadTests.swift */; };
		D3C4E5F6A7B80920415C6D7E /* ResponseTagParserTests.swift in Sources */ = {isa = PBXBuildFile; fileRef = A4B5C6D7E8F90A1B2C3D4E5F /* ResponseTagParserTests.swift */; };
		F1A2B3C4D5E60718293A4B5C /* ResponseTagParser.swift in Sources */ = {isa = PBXBuildFile; fileRef = E2B3C4D5E6F70819304A5B6C /* ResponseTagParser.swift */; };
		4E112F0AA516567676B1413E /* SettingsViewModel.swift in Sources */ = {isa = PBXBuildFile; fileRef = 47242B87233D17F872ED3113 /* SettingsViewModel.swift */; };
		57CA97DF7C66876FEF077B9C /* Message.swift in Sources */ = {isa = PBXBuildFile; fileRef = 55859ED677DFDB237447B2EC /* Message.swift */; };
		58CDED90A7C15858ACDADAC0 /* MLX in Frameworks */ = {isa = PBXBuildFile; productRef = A0FC8786751C66E9D130220C /* MLX */; };
		5E272E29C29FC5E62496799A /* NoteEditor.swift in Sources */ = {isa = PBXBuildFile; fileRef = 783585E09595EF502C060F91 /* NoteEditor.swift */; };
		83964444D1DEE2A22156BF34 /* LeftSidebar.swift in Sources */ = {isa = PBXBuildFile; fileRef = A47BC60463D5E92044AFDB86 /* LeftSidebar.swift */; };
		8C145059D8CF43EDF0BA43A5 /* NodeStore.swift in Sources */ = {isa = PBXBuildFile; fileRef = 728E7385459EB842724E8BCA /* NodeStore.swift */; };
		8C7CFB0C2C5581CFEBD55BFE /* RAGPipelineTests.swift in Sources */ = {isa = PBXBuildFile; fileRef = CE5485D2A957CBBB28E2D627 /* RAGPipelineTests.swift */; };
		9A03484B71E35A61F4B79465 /* AttachedFileContext.swift in Sources */ = {isa = PBXBuildFile; fileRef = 404B6377A2EDDF0C97784FD2 /* AttachedFileContext.swift */; };
		9CA12F6A78C6C54FA3535947 /* VectorStore.swift in Sources */ = {isa = PBXBuildFile; fileRef = 5B93C993AA118825C12F999B /* VectorStore.swift */; };
		B69E12882C5D1B570369C9DA /* Accelerate.framework in Frameworks */ = {isa = PBXBuildFile; fileRef = FEADD90223D5DCBFDE74F5DE /* Accelerate.framework */; };
		B6E2F015E856252747EE0324 /* ChatViewModel.swift in Sources */ = {isa = PBXBuildFile; fileRef = 6E88716E75C10545B684D5FD /* ChatViewModel.swift */; };
		B90A2FAEB0973870A4D5DA15 /* AppColor.swift in Sources */ = {isa = PBXBuildFile; fileRef = 4BBA2D70209E6211449AEADC /* AppColor.swift */; };
		C3B66790ADAC5624E9ACC319 /* Nunito-Variable.ttf in Resources */ = {isa = PBXBuildFile; fileRef = 4EDBF5703D7FA7CDEA64FCC8 /* Nunito-Variable.ttf */; };
		C55905AD05E74E6E32F864D0 /* LLMService.swift in Sources */ = {isa = PBXBuildFile; fileRef = F839455BCBC5668612A6A606 /* LLMService.swift */; };
		D67AE98AD27B27D71D9962AE /* GalaxyView.swift in Sources */ = {isa = PBXBuildFile; fileRef = 26B0833FF90A3381A73858CE /* GalaxyView.swift */; };
		D707ED9BF3B1B7CD5C6A6CB0 /* VectorStoreTests.swift in Sources */ = {isa = PBXBuildFile; fileRef = C94FF3DE937E45E699C4E0A2 /* VectorStoreTests.swift */; };
		DE8F51349E0FA0FA45C61D09 /* LocalLLMService.swift in Sources */ = {isa = PBXBuildFile; fileRef = 92D5AA1CB7980A98700AB726 /* LocalLLMService.swift */; };
		E2BA1CBDD071A778D65A719A /* anchor.md in Resources */ = {isa = PBXBuildFile; fileRef = 29A9E0EFFECF3C48A6B1D69F /* anchor.md */; };
		E945B227EBC4479E9F43EF34 /* NousNode.swift in Sources */ = {isa = PBXBuildFile; fileRef = CC28A679A68D922546206E9D /* NousNode.swift */; };
/* End PBXBuildFile section */

/* Begin PBXContainerItemProxy section */
		BE7EC21D38C8F7485A7701CE /* PBXContainerItemProxy */ = {
			isa = PBXContainerItemProxy;
			containerPortal = AFD902375AF288637990AB3D /* Project object */;
			proxyType = 1;
			remoteGlobalIDString = DDA33BA98D654B5A21067CDC;
			remoteInfo = Nous;
		};
/* End PBXContainerItemProxy section */

/* Begin PBXFileReference section */
		10115CC57E8933F62B3A81F0 /* ProjectListView.swift */ = {isa = PBXFileReference; lastKnownFileType = sourcecode.swift; path = ProjectListView.swift; sourceTree = "<group>"; };
		108C7FA818D0FD59A26F5BA9 /* NoteViewModel.swift */ = {isa = PBXFileReference; lastKnownFileType = sourcecode.swift; path = NoteViewModel.swift; sourceTree = "<group>"; };
		12A1B273D3D94B188C07A933 /* GalaxyViewModel.swift */ = {isa = PBXFileReference; lastKnownFileType = sourcecode.swift; path = GalaxyViewModel.swift; sourceTree = "<group>"; };
		26B0833FF90A3381A73858CE /* GalaxyView.swift */ = {isa = PBXFileReference; lastKnownFileType = sourcecode.swift; path = GalaxyView.swift; sourceTree = "<group>"; };
		29A9E0EFFECF3C48A6B1D69F /* anchor.md */ = {isa = PBXFileReference; lastKnownFileType = net.daringfireball.markdown; path = anchor.md; sourceTree = "<group>"; };
		36CB503D39BB65E14D694E13 /* GraphEngine.swift */ = {isa = PBXFileReference; lastKnownFileType = sourcecode.swift; path = GraphEngine.swift; sourceTree = "<group>"; };
		3D5C933D2CDA967B8AAFCD32 /* ChatArea.swift */ = {isa = PBXFileReference; lastKnownFileType = sourcecode.swift; path = ChatArea.swift; sourceTree = "<group>"; };
		404B6377A2EDDF0C97784FD2 /* AttachedFileContext.swift */ = {isa = PBXFileReference; lastKnownFileType = sourcecode.swift; path = AttachedFileContext.swift; sourceTree = "<group>"; };
		47242B87233D17F872ED3113 /* SettingsViewModel.swift */ = {isa = PBXFileReference; lastKnownFileType = sourcecode.swift; path = SettingsViewModel.swift; sourceTree = "<group>"; };
		4BBA2D70209E6211449AEADC /* AppColor.swift */ = {isa = PBXFileReference; lastKnownFileType = sourcecode.swift; path = AppColor.swift; sourceTree = "<group>"; };
		4EDBF5703D7FA7CDEA64FCC8 /* Nunito-Variable.ttf */ = {isa = PBXFileReference; lastKnownFileType = file; path = "Nunito-Variable.ttf"; sourceTree = "<group>"; };
		54D7B196613E93EAF2C72EF8 /* GalaxyScene.swift */ = {isa = PBXFileReference; lastKnownFileType = sourcecode.swift; path = GalaxyScene.swift; sourceTree = "<group>"; };
		55859ED677DFDB237447B2EC /* Message.swift */ = {isa = PBXFileReference; lastKnownFileType = sourcecode.swift; path = Message.swift; sourceTree = "<group>"; };
		593E59F6467AEF07EEFC96B6 /* Database.swift */ = {isa = PBXFileReference; lastKnownFileType = sourcecode.swift; path = Database.swift; sourceTree = "<group>"; };
		5B93C993AA118825C12F999B /* VectorStore.swift */ = {isa = PBXFileReference; lastKnownFileType = sourcecode.swift; path = VectorStore.swift; sourceTree = "<group>"; };
		63558731B5D9A45DD29170B9 /* NousTests.xctest */ = {isa = PBXFileReference; explicitFileType = wrapper.cfbundle; includeInIndex = 0; path = NousTests.xctest; sourceTree = BUILT_PRODUCTS_DIR; };
		6E88716E75C10545B684D5FD /* ChatViewModel.swift */ = {isa = PBXFileReference; lastKnownFileType = sourcecode.swift; path = ChatViewModel.swift; sourceTree = "<group>"; };
		728E7385459EB842724E8BCA /* NodeStore.swift */ = {isa = PBXFileReference; lastKnownFileType = sourcecode.swift; path = NodeStore.swift; sourceTree = "<group>"; };
		768CDC34E8F6272348EC152B /* SetupView.swift */ = {isa = PBXFileReference; lastKnownFileType = sourcecode.swift; path = SetupView.swift; sourceTree = "<group>"; };
		783585E09595EF502C060F91 /* NoteEditor.swift */ = {isa = PBXFileReference; lastKnownFileType = sourcecode.swift; path = NoteEditor.swift; sourceTree = "<group>"; };
		840F091AC2ADF85B26F1884A /* NodeStoreTests.swift */ = {isa = PBXFileReference; lastKnownFileType = sourcecode.swift; path = NodeStoreTests.swift; sourceTree = "<group>"; };
		84AC99FE1331146CEC54C75D /* NousApp.swift */ = {isa = PBXFileReference; lastKnownFileType = sourcecode.swift; path = NousApp.swift; sourceTree = "<group>"; };
		893D2E69AF637995048275C1 /* ChatComposer.swift */ = {isa = PBXFileReference; lastKnownFileType = sourcecode.swift; path = ChatComposer.swift; sourceTree = "<group>"; };
		92D5AA1CB7980A98700AB726 /* LocalLLMService.swift */ = {isa = PBXFileReference; lastKnownFileType = sourcecode.swift; path = LocalLLMService.swift; sourceTree = "<group>"; };
		98307413B1A35533835FC1ED /* NodeEdge.swift */ = {isa = PBXFileReference; lastKnownFileType = sourcecode.swift; path = NodeEdge.swift; sourceTree = "<group>"; };
		99A974153DB5C96A52796407 /* NoteListView.swift */ = {isa = PBXFileReference; lastKnownFileType = sourcecode.swift; path = NoteListView.swift; sourceTree = "<group>"; };
		A13A1040D67FB96CF59C6154 /* ContentView.swift */ = {isa = PBXFileReference; lastKnownFileType = sourcecode.swift; path = ContentView.swift; sourceTree = "<group>"; };
		A47BC60463D5E92044AFDB86 /* LeftSidebar.swift */ = {isa = PBXFileReference; lastKnownFileType = sourcecode.swift; path = LeftSidebar.swift; sourceTree = "<group>"; };
		AB46BB1DCA54C416A6215077 /* Project.swift */ = {isa = PBXFileReference; lastKnownFileType = sourcecode.swift; path = Project.swift; sourceTree = "<group>"; };
		ABFA60716BE28FDBDC5D4B01 /* GraphEngineTests.swift */ = {isa = PBXFileReference; lastKnownFileType = sourcecode.swift; path = GraphEngineTests.swift; sourceTree = "<group>"; };
		A4B5C6D7E8F90A1B2C3D4E5F /* ResponseTagParserTests.swift */ = {isa = PBXFileReference; lastKnownFileType = sourcecode.swift; path = ResponseTagParserTests.swift; sourceTree = "<group>"; };
		B2C3D4E5F60718293A4B5C6D /* MessageCardPayloadTests.swift */ = {isa = PBXFileReference; lastKnownFileType = sourcecode.swift; path = MessageCardPayloadTests.swift; sourceTree = "<group>"; };
		E2B3C4D5E6F70819304A5B6C /* ResponseTagParser.swift */ = {isa = PBXFileReference; lastKnownFileType = sourcecode.swift; path = ResponseTagParser.swift; sourceTree = "<group>"; };
		B15EC86BFA4A972D811E5ADB /* WelcomeView.swift */ = {isa = PBXFileReference; lastKnownFileType = sourcecode.swift; path = WelcomeView.swift; sourceTree = "<group>"; };
		C3A72C022B88861F85CCA960 /* Nous.app */ = {isa = PBXFileReference; explicitFileType = wrapper.application; includeInIndex = 0; path = Nous.app; sourceTree = BUILT_PRODUCTS_DIR; };
		C94FF3DE937E45E699C4E0A2 /* VectorStoreTests.swift */ = {isa = PBXFileReference; lastKnownFileType = sourcecode.swift; path = VectorStoreTests.swift; sourceTree = "<group>"; };
		CC28A679A68D922546206E9D /* NousNode.swift */ = {isa = PBXFileReference; lastKnownFileType = sourcecode.swift; path = NousNode.swift; sourceTree = "<group>"; };
		CE5485D2A957CBBB28E2D627 /* RAGPipelineTests.swift */ = {isa = PBXFileReference; lastKnownFileType = sourcecode.swift; path = RAGPipelineTests.swift; sourceTree = "<group>"; };
		DAB54FD11A8E0406F1C4D09D /* EmbeddingService.swift */ = {isa = PBXFileReference; lastKnownFileType = sourcecode.swift; path = EmbeddingService.swift; sourceTree = "<group>"; };
		DBD5F346B63EBE504887EAB0 /* FredokaOne-Regular.ttf */ = {isa = PBXFileReference; lastKnownFileType = file; path = "FredokaOne-Regular.ttf"; sourceTree = "<group>"; };
		E3AC0F0D30E0A4039BD3E7B6 /* SpriteKit.framework */ = {isa = PBXFileReference; lastKnownFileType = wrapper.framework; name = SpriteKit.framework; path = System/Library/Frameworks/SpriteKit.framework; sourceTree = SDKROOT; };
		F0A35FC2025E4781FA8CEBE4 /* RAGCitationView.swift */ = {isa = PBXFileReference; lastKnownFileType = sourcecode.swift; path = RAGCitationView.swift; sourceTree = "<group>"; };
		F839455BCBC5668612A6A606 /* LLMService.swift */ = {isa = PBXFileReference; lastKnownFileType = sourcecode.swift; path = LLMService.swift; sourceTree = "<group>"; };
		FEA896134861BEAADF98E800 /* SettingsView.swift */ = {isa = PBXFileReference; lastKnownFileType = sourcecode.swift; path = SettingsView.swift; sourceTree = "<group>"; };
		FEADD90223D5DCBFDE74F5DE /* Accelerate.framework */ = {isa = PBXFileReference; lastKnownFileType = wrapper.framework; name = Accelerate.framework; path = System/Library/Frameworks/Accelerate.framework; sourceTree = SDKROOT; };
		FFA7FC708EEBC903409D5DD9 /* WindowConfigurator.swift */ = {isa = PBXFileReference; lastKnownFileType = sourcecode.swift; path = WindowConfigurator.swift; sourceTree = "<group>"; };
/* End PBXFileReference section */

/* Begin PBXFrameworksBuildPhase section */
		245BC8FE518FFEB28B74D667 /* Frameworks */ = {
			isa = PBXFrameworksBuildPhase;
			buildActionMask = 2147483647;
			files = (
				58CDED90A7C15858ACDADAC0 /* MLX in Frameworks */,
				37AF74D6A8F3E2D7631E3BB8 /* MLXLLM in Frameworks */,
				4506DACA6C0E8F6E378D424F /* MLXEmbedders in Frameworks */,
				B69E12882C5D1B570369C9DA /* Accelerate.framework in Frameworks */,
				4AB3ECB2AC025226054B66D4 /* SpriteKit.framework in Frameworks */,
			);
			runOnlyForDeploymentPostprocessing = 0;
		};
/* End PBXFrameworksBuildPhase section */

/* Begin PBXGroup section */
		31C7442F11A6B3AEF5599A8F /* Theme */ = {
			isa = PBXGroup;
			children = (
				4BBA2D70209E6211449AEADC /* AppColor.swift */,
				FFA7FC708EEBC903409D5DD9 /* WindowConfigurator.swift */,
			);
			path = Theme;
			sourceTree = "<group>";
		};
		513FED1091B901EBEADB7BED /* Nous */ = {
			isa = PBXGroup;
			children = (
				58E66C627E617AE7B1CF282D /* App */,
				58A50705FAFD0AAA7AD23BA4 /* Fonts */,
				9B019E586E06D77D88B2E06A /* Models */,
				B877F25953478A50CC44DA4F /* Resources */,
				C71B7B6DB6614009250AF511 /* Services */,
				31C7442F11A6B3AEF5599A8F /* Theme */,
				DD2BFE8A057079B8910724AA /* ViewModels */,
				DF3B64C6A416A209A7DEC44B /* Views */,
			);
			name = Nous;
			path = Sources/Nous;
			sourceTree = "<group>";
		};
		58A50705FAFD0AAA7AD23BA4 /* Fonts */ = {
			isa = PBXGroup;
			children = (
				DBD5F346B63EBE504887EAB0 /* FredokaOne-Regular.ttf */,
				4EDBF5703D7FA7CDEA64FCC8 /* Nunito-Variable.ttf */,
			);
			path = Fonts;
			sourceTree = "<group>";
		};
		58E66C627E617AE7B1CF282D /* App */ = {
			isa = PBXGroup;
			children = (
				A13A1040D67FB96CF59C6154 /* ContentView.swift */,
				84AC99FE1331146CEC54C75D /* NousApp.swift */,
			);
			path = App;
			sourceTree = "<group>";
		};
		6CD0FB7739AB9E8C9890A79D /* Products */ = {
			isa = PBXGroup;
			children = (
				C3A72C022B88861F85CCA960 /* Nous.app */,
				63558731B5D9A45DD29170B9 /* NousTests.xctest */,
			);
			name = Products;
			sourceTree = "<group>";
		};
		8C61EAF9D2ECF270BF2C123A = {
			isa = PBXGroup;
			children = (
				513FED1091B901EBEADB7BED /* Nous */,
				DED692321AF0E89666946424 /* NousTests */,
				D1CEABF44300C366B92A19C2 /* Frameworks */,
				6CD0FB7739AB9E8C9890A79D /* Products */,
			);
			sourceTree = "<group>";
		};
		9B019E586E06D77D88B2E06A /* Models */ = {
			isa = PBXGroup;
			children = (
				404B6377A2EDDF0C97784FD2 /* AttachedFileContext.swift */,
				55859ED677DFDB237447B2EC /* Message.swift */,
				98307413B1A35533835FC1ED /* NodeEdge.swift */,
				CC28A679A68D922546206E9D /* NousNode.swift */,
				AB46BB1DCA54C416A6215077 /* Project.swift */,
			);
			path = Models;
			sourceTree = "<group>";
		};
		B877F25953478A50CC44DA4F /* Resources */ = {
			isa = PBXGroup;
			children = (
				29A9E0EFFECF3C48A6B1D69F /* anchor.md */,
			);
			path = Resources;
			sourceTree = "<group>";
		};
		C71B7B6DB6614009250AF511 /* Services */ = {
			isa = PBXGroup;
			children = (
				593E59F6467AEF07EEFC96B6 /* Database.swift */,
				DAB54FD11A8E0406F1C4D09D /* EmbeddingService.swift */,
				36CB503D39BB65E14D694E13 /* GraphEngine.swift */,
				F839455BCBC5668612A6A606 /* LLMService.swift */,
				92D5AA1CB7980A98700AB726 /* LocalLLMService.swift */,
				728E7385459EB842724E8BCA /* NodeStore.swift */,
				E2B3C4D5E6F70819304A5B6C /* ResponseTagParser.swift */,
				5B93C993AA118825C12F999B /* VectorStore.swift */,
			);
			path = Services;
			sourceTree = "<group>";
		};
		D1CEABF44300C366B92A19C2 /* Frameworks */ = {
			isa = PBXGroup;
			children = (
				FEADD90223D5DCBFDE74F5DE /* Accelerate.framework */,
				E3AC0F0D30E0A4039BD3E7B6 /* SpriteKit.framework */,
			);
			name = Frameworks;
			sourceTree = "<group>";
		};
		DD2BFE8A057079B8910724AA /* ViewModels */ = {
			isa = PBXGroup;
			children = (
				6E88716E75C10545B684D5FD /* ChatViewModel.swift */,
				12A1B273D3D94B188C07A933 /* GalaxyViewModel.swift */,
				108C7FA818D0FD59A26F5BA9 /* NoteViewModel.swift */,
				47242B87233D17F872ED3113 /* SettingsViewModel.swift */,
			);
			path = ViewModels;
			sourceTree = "<group>";
		};
		DED692321AF0E89666946424 /* NousTests */ = {
			isa = PBXGroup;
			children = (
				ABFA60716BE28FDBDC5D4B01 /* GraphEngineTests.swift */,
				B2C3D4E5F60718293A4B5C6D /* MessageCardPayloadTests.swift */,
				840F091AC2ADF85B26F1884A /* NodeStoreTests.swift */,
				A4B5C6D7E8F90A1B2C3D4E5F /* ResponseTagParserTests.swift */,
				CE5485D2A957CBBB28E2D627 /* RAGPipelineTests.swift */,
				C94FF3DE937E45E699C4E0A2 /* VectorStoreTests.swift */,
			);
			name = NousTests;
			path = Tests/NousTests;
			sourceTree = "<group>";
		};
		DF3B64C6A416A209A7DEC44B /* Views */ = {
			isa = PBXGroup;
			children = (
				3D5C933D2CDA967B8AAFCD32 /* ChatArea.swift */,
				893D2E69AF637995048275C1 /* ChatComposer.swift */,
				54D7B196613E93EAF2C72EF8 /* GalaxyScene.swift */,
				26B0833FF90A3381A73858CE /* GalaxyView.swift */,
				A47BC60463D5E92044AFDB86 /* LeftSidebar.swift */,
				783585E09595EF502C060F91 /* NoteEditor.swift */,
				99A974153DB5C96A52796407 /* NoteListView.swift */,
				10115CC57E8933F62B3A81F0 /* ProjectListView.swift */,
				F0A35FC2025E4781FA8CEBE4 /* RAGCitationView.swift */,
				FEA896134861BEAADF98E800 /* SettingsView.swift */,
				768CDC34E8F6272348EC152B /* SetupView.swift */,
				B15EC86BFA4A972D811E5ADB /* WelcomeView.swift */,
			);
			path = Views;
			sourceTree = "<group>";
		};
/* End PBXGroup section */

/* Begin PBXNativeTarget section */
		4F8ECE160AE16DBD1737ADB6 /* NousTests */ = {
			isa = PBXNativeTarget;
			buildConfigurationList = DFA6700CCB95E2066A0485A8 /* Build configuration list for PBXNativeTarget "NousTests" */;
			buildPhases = (
				FD75C696E15748D5D237D4E2 /* Sources */,
			);
			buildRules = (
			);
			dependencies = (
				0FAA65F8B5940C5887EE6AE2 /* PBXTargetDependency */,
			);
			name = NousTests;
			packageProductDependencies = (
			);
			productName = NousTests;
			productReference = 63558731B5D9A45DD29170B9 /* NousTests.xctest */;
			productType = "com.apple.product-type.bundle.unit-test";
		};
		DDA33BA98D654B5A21067CDC /* Nous */ = {
			isa = PBXNativeTarget;
			buildConfigurationList = 33C5B5B5268991AD612DAF0C /* Build configuration list for PBXNativeTarget "Nous" */;
			buildPhases = (
				CE947038E48340F152910033 /* Sources */,
				9A6D59E70DB57DD16C702A3D /* Resources */,
				245BC8FE518FFEB28B74D667 /* Frameworks */,
			);
			buildRules = (
			);
			dependencies = (
			);
			name = Nous;
			packageProductDependencies = (
				A0FC8786751C66E9D130220C /* MLX */,
				289331BB87BCDA02BF10FBFA /* MLXLLM */,
				EE612DC9E3C6EC7084755439 /* MLXEmbedders */,
			);
			productName = Nous;
			productReference = C3A72C022B88861F85CCA960 /* Nous.app */;
			productType = "com.apple.product-type.application";
		};
/* End PBXNativeTarget section */

/* Begin PBXProject section */
		AFD902375AF288637990AB3D /* Project object */ = {
			isa = PBXProject;
			attributes = {
				BuildIndependentTargetsInParallel = YES;
				LastUpgradeCheck = 1430;
				TargetAttributes = {
					DDA33BA98D654B5A21067CDC = {
						DevelopmentTeam = "";
						ProvisioningStyle = Automatic;
					};
				};
			};
			buildConfigurationList = 7C3C6EBC5B6B7CE83FBA31CE /* Build configuration list for PBXProject "Nous" */;
			developmentRegion = en;
			hasScannedForEncodings = 0;
			knownRegions = (
				Base,
				en,
			);
			mainGroup = 8C61EAF9D2ECF270BF2C123A;
			minimizedProjectReferenceProxies = 1;
			packageReferences = (
				9D0EAD32D1DD03A6D9C0CED9 /* XCRemoteSwiftPackageReference "mlx-swift" */,
				7C3471E30F61349C24C26F71 /* XCRemoteSwiftPackageReference "mlx-swift-examples" */,
			);
			preferredProjectObjectVersion = 77;
			productRefGroup = 6CD0FB7739AB9E8C9890A79D /* Products */;
			projectDirPath = "";
			projectRoot = "";
			targets = (
				DDA33BA98D654B5A21067CDC /* Nous */,
				4F8ECE160AE16DBD1737ADB6 /* NousTests */,
			);
		};
/* End PBXProject section */

/* Begin PBXResourcesBuildPhase section */
		9A6D59E70DB57DD16C702A3D /* Resources */ = {
			isa = PBXResourcesBuildPhase;
			buildActionMask = 2147483647;
			files = (
				4ABEE05964FC577A1F2AE5EC /* FredokaOne-Regular.ttf in Resources */,
				C3B66790ADAC5624E9ACC319 /* Nunito-Variable.ttf in Resources */,
				E2BA1CBDD071A778D65A719A /* anchor.md in Resources */,
			);
			runOnlyForDeploymentPostprocessing = 0;
		};
/* End PBXResourcesBuildPhase section */

/* Begin PBXSourcesBuildPhase section */
		CE947038E48340F152910033 /* Sources */ = {
			isa = PBXSourcesBuildPhase;
			buildActionMask = 2147483647;
			files = (
				B90A2FAEB0973870A4D5DA15 /* AppColor.swift in Sources */,
				9A03484B71E35A61F4B79465 /* AttachedFileContext.swift in Sources */,
				30EB1D0F191710EF17D5D13C /* ChatArea.swift in Sources */,
				044DF494ABA396D2B8AE4BAD /* ChatComposer.swift in Sources */,
				B6E2F015E856252747EE0324 /* ChatViewModel.swift in Sources */,
				2FA85CB0FB6256D80D30DE6F /* ContentView.swift in Sources */,
				1643CB90A6F5400A1BD1441E /* Database.swift in Sources */,
				079AE6E6B7AD8B7C00E9061B /* EmbeddingService.swift in Sources */,
				0A543A16EE7B4C96E7893DD2 /* GalaxyScene.swift in Sources */,
				D67AE98AD27B27D71D9962AE /* GalaxyView.swift in Sources */,
				0A5C2CC50D2675DD28826232 /* GalaxyViewModel.swift in Sources */,
				3F9476D3C06B0F30A271AC5F /* GraphEngine.swift in Sources */,
				C55905AD05E74E6E32F864D0 /* LLMService.swift in Sources */,
				83964444D1DEE2A22156BF34 /* LeftSidebar.swift in Sources */,
				DE8F51349E0FA0FA45C61D09 /* LocalLLMService.swift in Sources */,
				57CA97DF7C66876FEF077B9C /* Message.swift in Sources */,
				02967200F617A33CB9522076 /* NodeEdge.swift in Sources */,
				8C145059D8CF43EDF0BA43A5 /* NodeStore.swift in Sources */,
				F1A2B3C4D5E60718293A4B5C /* ResponseTagParser.swift in Sources */,
				5E272E29C29FC5E62496799A /* NoteEditor.swift in Sources */,
				42A0F8F2124378987D3FBD11 /* NoteListView.swift in Sources */,
				44F769FBDE20CA4082FA4D00 /* NoteViewModel.swift in Sources */,
				3E6FF46E8E6E947CF7B7AADF /* NousApp.swift in Sources */,
				E945B227EBC4479E9F43EF34 /* NousNode.swift in Sources */,
				2314061EED27031103F0CE65 /* Project.swift in Sources */,
				46929AB76337B2B34ED785C4 /* ProjectListView.swift in Sources */,
				0FFFFFBE3918E7A51C44CA8C /* RAGCitationView.swift in Sources */,
				3B0C4ADB2DE8F304261A454E /* SettingsView.swift in Sources */,
				4E112F0AA516567676B1413E /* SettingsViewModel.swift in Sources */,
				36814239C5034618D724A807 /* SetupView.swift in Sources */,
				9CA12F6A78C6C54FA3535947 /* VectorStore.swift in Sources */,
				07FFF1026087C07958572C54 /* WelcomeView.swift in Sources */,
				3A38D50339D27DC72856B618 /* WindowConfigurator.swift in Sources */,
			);
			runOnlyForDeploymentPostprocessing = 0;
		};
		FD75C696E15748D5D237D4E2 /* Sources */ = {
			isa = PBXSourcesBuildPhase;
			buildActionMask = 2147483647;
			files = (
				4D4E88E3F6E50302A15F3D83 /* GraphEngineTests.swift in Sources */,
				A1B2C3D4E5F60718293A4B5C /* MessageCardPayloadTests.swift in Sources */,
				4116C4885DF5E1CB2FE62225 /* NodeStoreTests.swift in Sources */,
				D3C4E5F6A7B80920415C6D7E /* ResponseTagParserTests.swift in Sources */,
				8C7CFB0C2C5581CFEBD55BFE /* RAGPipelineTests.swift in Sources */,
				D707ED9BF3B1B7CD5C6A6CB0 /* VectorStoreTests.swift in Sources */,
			);
			runOnlyForDeploymentPostprocessing = 0;
		};
/* End PBXSourcesBuildPhase section */

/* Begin PBXTargetDependency section */
		0FAA65F8B5940C5887EE6AE2 /* PBXTargetDependency */ = {
			isa = PBXTargetDependency;
			target = DDA33BA98D654B5A21067CDC /* Nous */;
			targetProxy = BE7EC21D38C8F7485A7701CE /* PBXContainerItemProxy */;
		};
/* End PBXTargetDependency section */

/* Begin XCBuildConfiguration section */
		00F16C747CFB815176429BD3 /* Release */ = {
			isa = XCBuildConfiguration;
			buildSettings = {
				BUNDLE_LOADER = "$(TEST_HOST)";
				COMBINE_HIDPI_IMAGES = YES;
				GENERATE_INFOPLIST_FILE = YES;
				LD_RUNPATH_SEARCH_PATHS = (
					"$(inherited)",
					"@executable_path/../Frameworks",
					"@loader_path/../Frameworks",
				);
				MACOSX_DEPLOYMENT_TARGET = 26.0;
				PRODUCT_BUNDLE_IDENTIFIER = com.nous.app.NousTests;
				SDKROOT = macosx;
				TEST_HOST = "$(BUILT_PRODUCTS_DIR)/Nous.app/Contents/MacOS/Nous";
			};
			name = Release;
		};
		13ACD6C4071319A3C3E62D9F /* Release */ = {
			isa = XCBuildConfiguration;
			buildSettings = {
				ALWAYS_SEARCH_USER_PATHS = NO;
				CLANG_ANALYZER_NONNULL = YES;
				CLANG_ANALYZER_NUMBER_OBJECT_CONVERSION = YES_AGGRESSIVE;
				CLANG_CXX_LANGUAGE_STANDARD = "gnu++14";
				CLANG_CXX_LIBRARY = "libc++";
				CLANG_ENABLE_MODULES = YES;
				CLANG_ENABLE_OBJC_ARC = YES;
				CLANG_ENABLE_OBJC_WEAK = YES;
				CLANG_WARN_BLOCK_CAPTURE_AUTORELEASING = YES;
				CLANG_WARN_BOOL_CONVERSION = YES;
				CLANG_WARN_COMMA = YES;
				CLANG_WARN_CONSTANT_CONVERSION = YES;
				CLANG_WARN_DEPRECATED_OBJC_IMPLEMENTATIONS = YES;
				CLANG_WARN_DIRECT_OBJC_ISA_USAGE = YES_ERROR;
				CLANG_WARN_DOCUMENTATION_COMMENTS = YES;
				CLANG_WARN_EMPTY_BODY = YES;
				CLANG_WARN_ENUM_CONVERSION = YES;
				CLANG_WARN_INFINITE_RECURSION = YES;
				CLANG_WARN_INT_CONVERSION = YES;
				CLANG_WARN_NON_LITERAL_NULL_CONVERSION = YES;
				CLANG_WARN_OBJC_IMPLICIT_RETAIN_SELF = YES;
				CLANG_WARN_OBJC_LITERAL_CONVERSION = YES;
				CLANG_WARN_OBJC_ROOT_CLASS = YES_ERROR;
				CLANG_WARN_QUOTED_INCLUDE_IN_FRAMEWORK_HEADER = YES;
				CLANG_WARN_RANGE_LOOP_ANALYSIS = YES;
				CLANG_WARN_STRICT_PROTOTYPES = YES;
				CLANG_WARN_SUSPICIOUS_MOVE = YES;
				CLANG_WARN_UNGUARDED_AVAILABILITY = YES_AGGRESSIVE;
				CLANG_WARN_UNREACHABLE_CODE = YES;
				CLANG_WARN__DUPLICATE_METHOD_MATCH = YES;
				COPY_PHASE_STRIP = NO;
				DEBUG_INFORMATION_FORMAT = "dwarf-with-dsym";
				ENABLE_NS_ASSERTIONS = NO;
				ENABLE_STRICT_OBJC_MSGSEND = YES;
				GCC_C_LANGUAGE_STANDARD = gnu11;
				GCC_NO_COMMON_BLOCKS = YES;
				GCC_WARN_64_TO_32_BIT_CONVERSION = YES;
				GCC_WARN_ABOUT_RETURN_TYPE = YES_ERROR;
				GCC_WARN_UNDECLARED_SELECTOR = YES;
				GCC_WARN_UNINITIALIZED_AUTOS = YES_AGGRESSIVE;
				GCC_WARN_UNUSED_FUNCTION = YES;
				GCC_WARN_UNUSED_VARIABLE = YES;
				MTL_ENABLE_DEBUG_INFO = NO;
				MTL_FAST_MATH = YES;
				PRODUCT_NAME = "$(TARGET_NAME)";
				SDKROOT = macosx;
				SWIFT_COMPILATION_MODE = wholemodule;
				SWIFT_OPTIMIZATION_LEVEL = "-O";
				SWIFT_VERSION = 5.0;
			};
			name = Release;
		};
		26EE297DDFA85C95F71AD15F /* Release */ = {
			isa = XCBuildConfiguration;
			buildSettings = {
				ASSETCATALOG_COMPILER_APPICON_NAME = AppIcon;
				CODE_SIGN_STYLE = Automatic;
				COMBINE_HIDPI_IMAGES = YES;
				DEVELOPMENT_TEAM = "";
				INFOPLIST_FILE = Info.plist;
				LD_RUNPATH_SEARCH_PATHS = (
					"$(inherited)",
					"@executable_path/../Frameworks",
				);
				MACOSX_DEPLOYMENT_TARGET = 26.0;
				PRODUCT_BUNDLE_IDENTIFIER = com.nous.app.Nous;
				SDKROOT = macosx;
			};
			name = Release;
		};
		7628CA002A90A5DEE769840A /* Debug */ = {
			isa = XCBuildConfiguration;
			buildSettings = {
				BUNDLE_LOADER = "$(TEST_HOST)";
				COMBINE_HIDPI_IMAGES = YES;
				GENERATE_INFOPLIST_FILE = YES;
				LD_RUNPATH_SEARCH_PATHS = (
					"$(inherited)",
					"@executable_path/../Frameworks",
					"@loader_path/../Frameworks",
				);
				MACOSX_DEPLOYMENT_TARGET = 26.0;
				PRODUCT_BUNDLE_IDENTIFIER = com.nous.app.NousTests;
				SDKROOT = macosx;
				TEST_HOST = "$(BUILT_PRODUCTS_DIR)/Nous.app/Contents/MacOS/Nous";
			};
			name = Debug;
		};
		B01509381B86C26204F80E2F /* Debug */ = {
			isa = XCBuildConfiguration;
			buildSettings = {
				ASSETCATALOG_COMPILER_APPICON_NAME = AppIcon;
				CODE_SIGN_STYLE = Automatic;
				COMBINE_HIDPI_IMAGES = YES;
				DEVELOPMENT_TEAM = "";
				INFOPLIST_FILE = Info.plist;
				LD_RUNPATH_SEARCH_PATHS = (
					"$(inherited)",
					"@executable_path/../Frameworks",
				);
				MACOSX_DEPLOYMENT_TARGET = 26.0;
				PRODUCT_BUNDLE_IDENTIFIER = com.nous.app.Nous;
				SDKROOT = macosx;
			};
			name = Debug;
		};
		CE6A32EADF1B851CEF98BAE5 /* Debug */ = {
			isa = XCBuildConfiguration;
			buildSettings = {
				ALWAYS_SEARCH_USER_PATHS = NO;
				CLANG_ANALYZER_NONNULL = YES;
				CLANG_ANALYZER_NUMBER_OBJECT_CONVERSION = YES_AGGRESSIVE;
				CLANG_CXX_LANGUAGE_STANDARD = "gnu++14";
				CLANG_CXX_LIBRARY = "libc++";
				CLANG_ENABLE_MODULES = YES;
				CLANG_ENABLE_OBJC_ARC = YES;
				CLANG_ENABLE_OBJC_WEAK = YES;
				CLANG_WARN_BLOCK_CAPTURE_AUTORELEASING = YES;
				CLANG_WARN_BOOL_CONVERSION = YES;
				CLANG_WARN_COMMA = YES;
				CLANG_WARN_CONSTANT_CONVERSION = YES;
				CLANG_WARN_DEPRECATED_OBJC_IMPLEMENTATIONS = YES;
				CLANG_WARN_DIRECT_OBJC_ISA_USAGE = YES_ERROR;
				CLANG_WARN_DOCUMENTATION_COMMENTS = YES;
				CLANG_WARN_EMPTY_BODY = YES;
				CLANG_WARN_ENUM_CONVERSION = YES;
				CLANG_WARN_INFINITE_RECURSION = YES;
				CLANG_WARN_INT_CONVERSION = YES;
				CLANG_WARN_NON_LITERAL_NULL_CONVERSION = YES;
				CLANG_WARN_OBJC_IMPLICIT_RETAIN_SELF = YES;
				CLANG_WARN_OBJC_LITERAL_CONVERSION = YES;
				CLANG_WARN_OBJC_ROOT_CLASS = YES_ERROR;
				CLANG_WARN_QUOTED_INCLUDE_IN_FRAMEWORK_HEADER = YES;
				CLANG_WARN_RANGE_LOOP_ANALYSIS = YES;
				CLANG_WARN_STRICT_PROTOTYPES = YES;
				CLANG_WARN_SUSPICIOUS_MOVE = YES;
				CLANG_WARN_UNGUARDED_AVAILABILITY = YES_AGGRESSIVE;
				CLANG_WARN_UNREACHABLE_CODE = YES;
				CLANG_WARN__DUPLICATE_METHOD_MATCH = YES;
				COPY_PHASE_STRIP = NO;
				DEBUG_INFORMATION_FORMAT = dwarf;
				ENABLE_STRICT_OBJC_MSGSEND = YES;
				ENABLE_TESTABILITY = YES;
				GCC_C_LANGUAGE_STANDARD = gnu11;
				GCC_DYNAMIC_NO_PIC = NO;
				GCC_NO_COMMON_BLOCKS = YES;
				GCC_OPTIMIZATION_LEVEL = 0;
				GCC_PREPROCESSOR_DEFINITIONS = (
					"$(inherited)",
					"DEBUG=1",
				);
				GCC_WARN_64_TO_32_BIT_CONVERSION = YES;
				GCC_WARN_ABOUT_RETURN_TYPE = YES_ERROR;
				GCC_WARN_UNDECLARED_SELECTOR = YES;
				GCC_WARN_UNINITIALIZED_AUTOS = YES_AGGRESSIVE;
				GCC_WARN_UNUSED_FUNCTION = YES;
				GCC_WARN_UNUSED_VARIABLE = YES;
				MTL_ENABLE_DEBUG_INFO = INCLUDE_SOURCE;
				MTL_FAST_MATH = YES;
				ONLY_ACTIVE_ARCH = YES;
				PRODUCT_NAME = "$(TARGET_NAME)";
				SDKROOT = macosx;
				SWIFT_ACTIVE_COMPILATION_CONDITIONS = DEBUG;
				SWIFT_OPTIMIZATION_LEVEL = "-Onone";
				SWIFT_VERSION = 5.0;
			};
			name = Debug;
		};
/* End XCBuildConfiguration section */

/* Begin XCConfigurationList section */
		33C5B5B5268991AD612DAF0C /* Build configuration list for PBXNativeTarget "Nous" */ = {
			isa = XCConfigurationList;
			buildConfigurations = (
				B01509381B86C26204F80E2F /* Debug */,
				26EE297DDFA85C95F71AD15F /* Release */,
			);
			defaultConfigurationIsVisible = 0;
			defaultConfigurationName = Debug;
		};
		7C3C6EBC5B6B7CE83FBA31CE /* Build configuration list for PBXProject "Nous" */ = {
			isa = XCConfigurationList;
			buildConfigurations = (
				CE6A32EADF1B851CEF98BAE5 /* Debug */,
				13ACD6C4071319A3C3E62D9F /* Release */,
			);
			defaultConfigurationIsVisible = 0;
			defaultConfigurationName = Debug;
		};
		DFA6700CCB95E2066A0485A8 /* Build configuration list for PBXNativeTarget "NousTests" */ = {
			isa = XCConfigurationList;
			buildConfigurations = (
				7628CA002A90A5DEE769840A /* Debug */,
				00F16C747CFB815176429BD3 /* Release */,
			);
			defaultConfigurationIsVisible = 0;
			defaultConfigurationName = Debug;
		};
/* End XCConfigurationList section */

/* Begin XCRemoteSwiftPackageReference section */
		7C3471E30F61349C24C26F71 /* XCRemoteSwiftPackageReference "mlx-swift-examples" */ = {
			isa = XCRemoteSwiftPackageReference;
			repositoryURL = "https://github.com/ml-explore/mlx-swift-examples";
			requirement = {
				kind = upToNextMajorVersion;
				minimumVersion = 2.29.1;
			};
		};
		9D0EAD32D1DD03A6D9C0CED9 /* XCRemoteSwiftPackageReference "mlx-swift" */ = {
			isa = XCRemoteSwiftPackageReference;
			repositoryURL = "https://github.com/ml-explore/mlx-swift";
			requirement = {
				kind = upToNextMajorVersion;
				minimumVersion = 0.29.1;
			};
		};
/* End XCRemoteSwiftPackageReference section */

/* Begin XCSwiftPackageProductDependency section */
		289331BB87BCDA02BF10FBFA /* MLXLLM */ = {
			isa = XCSwiftPackageProductDependency;
			package = 7C3471E30F61349C24C26F71 /* XCRemoteSwiftPackageReference "mlx-swift-examples" */;
			productName = MLXLLM;
		};
		A0FC8786751C66E9D130220C /* MLX */ = {
			isa = XCSwiftPackageProductDependency;
			package = 9D0EAD32D1DD03A6D9C0CED9 /* XCRemoteSwiftPackageReference "mlx-swift" */;
			productName = MLX;
		};
		EE612DC9E3C6EC7084755439 /* MLXEmbedders */ = {
			isa = XCSwiftPackageProductDependency;
			package = 7C3471E30F61349C24C26F71 /* XCRemoteSwiftPackageReference "mlx-swift-examples" */;
			productName = MLXEmbedders;
		};
/* End XCSwiftPackageProductDependency section */
	};
	rootObject = AFD902375AF288637990AB3D /* Project object */;
}
